Microsoft Visual Studio Solution File, Format Version 12.00
# Visual Studio Version 17
VisualStudioVersion = 17.5.2.0
MinimumVisualStudioVersion = 10.0.40219.1
Project("{FAE04EC0-301F-11D3-BF4B-00C04F79EFBC}") = "product-service", "product-service\product-service.csproj", "{47A9C8CC-8F47-9AC5-1D9A-57C01ABC83C8}"
EndProject
Global
	GlobalSection(SolutionConfigurationPlatforms) = preSolution
		Debug|Any CPU = Debug|Any CPU
		Release|Any CPU = Release|Any CPU
	EndGlobalSection
	GlobalSection(ProjectConfigurationPlatforms) = postSolution
		{47A9C8CC-8F47-9AC5-1D9A-57C01ABC83C8}.Debug|Any CPU.ActiveCfg = Debug|Any CPU
		{47A9C8CC-8F47-9AC5-1D9A-57C01ABC83C8}.Debug|Any CPU.Build.0 = Debug|Any CPU
		{47A9C8CC-8F47-9AC5-1D9A-57C01ABC83C8}.Release|Any CPU.ActiveCfg = Release|Any CPU
		{47A9C8CC-8F47-9AC5-1D9A-57C01ABC83C8}.Release|Any CPU.Build.0 = Release|Any CPU
	EndGlobalSection
	GlobalSection(SolutionProperties) = preSolution
		HideSolutionNode = FALSE
	EndGlobalSection
	GlobalSection(ExtensibilityGlobals) = postSolution
		SolutionGuid = {A1688B29-6335-41FF-B41C-4607D95340AF}
	EndGlobalSection
EndGlobal
