Microsoft Visual Studio Solution File, Format Version 12.00
# Visual Studio Version 17
VisualStudioVersion = 17.5.2.0
MinimumVisualStudioVersion = 10.0.40219.1
Project("{2150E333-8FDC-42A3-9474-1A3956D46DE8}") = "gateway", "gateway", "{E7BDDBC6-9FD1-D1D7-ACD8-2C4F8E3D2461}"
EndProject
Project("{FAE04EC0-301F-11D3-BF4B-00C04F79EFBC}") = "YarpGateway", "gateway\YarpGateway\YarpGateway.csproj", "{2DCBA7E1-DDEF-30AD-7474-9573D15C1217}"
EndProject
Global
	GlobalSection(SolutionConfigurationPlatforms) = preSolution
		Debug|Any CPU = Debug|Any CPU
		Release|Any CPU = Release|Any CPU
	EndGlobalSection
	GlobalSection(ProjectConfigurationPlatforms) = postSolution
		{2DCBA7E1-DDEF-30AD-7474-9573D15C1217}.Debug|Any CPU.ActiveCfg = Debug|Any CPU
		{2DCBA7E1-DDEF-30AD-7474-9573D15C1217}.Debug|Any CPU.Build.0 = Debug|Any CPU
		{2DCBA7E1-DDEF-30AD-7474-9573D15C1217}.Release|Any CPU.ActiveCfg = Release|Any CPU
		{2DCBA7E1-DDEF-30AD-7474-9573D15C1217}.Release|Any CPU.Build.0 = Release|Any CPU
	EndGlobalSection
	GlobalSection(SolutionProperties) = preSolution
		HideSolutionNode = FALSE
	EndGlobalSection
	GlobalSection(NestedProjects) = preSolution
		{2DCBA7E1-DDEF-30AD-7474-9573D15C1217} = {E7BDDBC6-9FD1-D1D7-ACD8-2C4F8E3D2461}
	EndGlobalSection
	GlobalSection(ExtensibilityGlobals) = postSolution
		SolutionGuid = {CE26A48B-A6D5-4DBC-9CA9-D13034B2C74D}
	EndGlobalSection
EndGlobal
