
Microsoft Visual Studio Solution File, Format Version 12.00
# Visual Studio Version 17
VisualStudioVersion = 17.0.31903.59
MinimumVisualStudioVersion = 10.0.40219.1
Project("{FAE04EC0-301F-11D3-BF4B-00C04F79EFBC}") = "OrderService", "OrderService\OrderService.csproj", "{65B40256-A466-4ECA-A52A-0CA839CFFB03}"
EndProject
Project("{FAE04EC0-301F-11D3-BF4B-00C04F79EFBC}") = "InventoryService", "InventoryService\InventoryService.csproj", "{0D59372C-2839-4F89-BB81-27AE5510F481}"
EndProject
Project("{FAE04EC0-301F-11D3-BF4B-00C04F79EFBC}") = "PaymentService", "PaymentService\PaymentService.csproj", "{CEBD6BD9-1980-4588-B7A1-B996F9D248BB}"
EndProject
Project("{FAE04EC0-301F-11D3-BF4B-00C04F79EFBC}") = "NotificationService", "NotificationService\NotificationService.csproj", "{002C194C-EB44-455C-9950-8E0089751917}"
EndProject
Project("{FAE04EC0-301F-11D3-BF4B-00C04F79EFBC}") = "Shared", "Shared\Shared.csproj", "{1D00A3E9-8726-449C-AB39-D2CF60B18D49}"
EndProject
Global
	GlobalSection(SolutionConfigurationPlatforms) = preSolution
		Debug|Any CPU = Debug|Any CPU
		Debug|x64 = Debug|x64
		Debug|x86 = Debug|x86
		Release|Any CPU = Release|Any CPU
		Release|x64 = Release|x64
		Release|x86 = Release|x86
	EndGlobalSection
	GlobalSection(ProjectConfigurationPlatforms) = postSolution
		{65B40256-A466-4ECA-A52A-0CA839CFFB03}.Debug|Any CPU.ActiveCfg = Debug|Any CPU
		{65B40256-A466-4ECA-A52A-0CA839CFFB03}.Debug|Any CPU.Build.0 = Debug|Any CPU
		{65B40256-A466-4ECA-A52A-0CA839CFFB03}.Debug|x64.ActiveCfg = Debug|Any CPU
		{65B40256-A466-4ECA-A52A-0CA839CFFB03}.Debug|x64.Build.0 = Debug|Any CPU
		{65B40256-A466-4ECA-A52A-0CA839CFFB03}.Debug|x86.ActiveCfg = Debug|Any CPU
		{65B40256-A466-4ECA-A52A-0CA839CFFB03}.Debug|x86.Build.0 = Debug|Any CPU
		{65B40256-A466-4ECA-A52A-0CA839CFFB03}.Release|Any CPU.ActiveCfg = Release|Any CPU
		{65B40256-A466-4ECA-A52A-0CA839CFFB03}.Release|Any CPU.Build.0 = Release|Any CPU
		{65B40256-A466-4ECA-A52A-0CA839CFFB03}.Release|x64.ActiveCfg = Release|Any CPU
		{65B40256-A466-4ECA-A52A-0CA839CFFB03}.Release|x64.Build.0 = Release|Any CPU
		{65B40256-A466-4ECA-A52A-0CA839CFFB03}.Release|x86.ActiveCfg = Release|Any CPU
		{65B40256-A466-4ECA-A52A-0CA839CFFB03}.Release|x86.Build.0 = Release|Any CPU
		{0D59372C-2839-4F89-BB81-27AE5510F481}.Debug|Any CPU.ActiveCfg = Debug|Any CPU
		{0D59372C-2839-4F89-BB81-27AE5510F481}.Debug|Any CPU.Build.0 = Debug|Any CPU
		{0D59372C-2839-4F89-BB81-27AE5510F481}.Debug|x64.ActiveCfg = Debug|Any CPU
		{0D59372C-2839-4F89-BB81-27AE5510F481}.Debug|x64.Build.0 = Debug|Any CPU
		{0D59372C-2839-4F89-BB81-27AE5510F481}.Debug|x86.ActiveCfg = Debug|Any CPU
		{0D59372C-2839-4F89-BB81-27AE5510F481}.Debug|x86.Build.0 = Debug|Any CPU
		{0D59372C-2839-4F89-BB81-27AE5510F481}.Release|Any CPU.ActiveCfg = Release|Any CPU
		{0D59372C-2839-4F89-BB81-27AE5510F481}.Release|Any CPU.Build.0 = Release|Any CPU
		{0D59372C-2839-4F89-BB81-27AE5510F481}.Release|x64.ActiveCfg = Release|Any CPU
		{0D59372C-2839-4F89-BB81-27AE5510F481}.Release|x64.Build.0 = Release|Any CPU
		{0D59372C-2839-4F89-BB81-27AE5510F481}.Release|x86.ActiveCfg = Release|Any CPU
		{0D59372C-2839-4F89-BB81-27AE5510F481}.Release|x86.Build.0 = Release|Any CPU
		{CEBD6BD9-1980-4588-B7A1-B996F9D248BB}.Debug|Any CPU.ActiveCfg = Debug|Any CPU
		{CEBD6BD9-1980-4588-B7A1-B996F9D248BB}.Debug|Any CPU.Build.0 = Debug|Any CPU
		{CEBD6BD9-1980-4588-B7A1-B996F9D248BB}.Debug|x64.ActiveCfg = Debug|Any CPU
		{CEBD6BD9-1980-4588-B7A1-B996F9D248BB}.Debug|x64.Build.0 = Debug|Any CPU
		{CEBD6BD9-1980-4588-B7A1-B996F9D248BB}.Debug|x86.ActiveCfg = Debug|Any CPU
		{CEBD6BD9-1980-4588-B7A1-B996F9D248BB}.Debug|x86.Build.0 = Debug|Any CPU
		{CEBD6BD9-1980-4588-B7A1-B996F9D248BB}.Release|Any CPU.ActiveCfg = Release|Any CPU
		{CEBD6BD9-1980-4588-B7A1-B996F9D248BB}.Release|Any CPU.Build.0 = Release|Any CPU
		{CEBD6BD9-1980-4588-B7A1-B996F9D248BB}.Release|x64.ActiveCfg = Release|Any CPU
		{CEBD6BD9-1980-4588-B7A1-B996F9D248BB}.Release|x64.Build.0 = Release|Any CPU
		{CEBD6BD9-1980-4588-B7A1-B996F9D248BB}.Release|x86.ActiveCfg = Release|Any CPU
		{CEBD6BD9-1980-4588-B7A1-B996F9D248BB}.Release|x86.Build.0 = Release|Any CPU
		{002C194C-EB44-455C-9950-8E0089751917}.Debug|Any CPU.ActiveCfg = Debug|Any CPU
		{002C194C-EB44-455C-9950-8E0089751917}.Debug|Any CPU.Build.0 = Debug|Any CPU
		{002C194C-EB44-455C-9950-8E0089751917}.Debug|x64.ActiveCfg = Debug|Any CPU
		{002C194C-EB44-455C-9950-8E0089751917}.Debug|x64.Build.0 = Debug|Any CPU
		{002C194C-EB44-455C-9950-8E0089751917}.Debug|x86.ActiveCfg = Debug|Any CPU
		{002C194C-EB44-455C-9950-8E0089751917}.Debug|x86.Build.0 = Debug|Any CPU
		{002C194C-EB44-455C-9950-8E0089751917}.Release|Any CPU.ActiveCfg = Release|Any CPU
		{002C194C-EB44-455C-9950-8E0089751917}.Release|Any CPU.Build.0 = Release|Any CPU
		{002C194C-EB44-455C-9950-8E0089751917}.Release|x64.ActiveCfg = Release|Any CPU
		{002C194C-EB44-455C-9950-8E0089751917}.Release|x64.Build.0 = Release|Any CPU
		{002C194C-EB44-455C-9950-8E0089751917}.Release|x86.ActiveCfg = Release|Any CPU
		{002C194C-EB44-455C-9950-8E0089751917}.Release|x86.Build.0 = Release|Any CPU
		{1D00A3E9-8726-449C-AB39-D2CF60B18D49}.Debug|Any CPU.ActiveCfg = Debug|Any CPU
		{1D00A3E9-8726-449C-AB39-D2CF60B18D49}.Debug|Any CPU.Build.0 = Debug|Any CPU
		{1D00A3E9-8726-449C-AB39-D2CF60B18D49}.Debug|x64.ActiveCfg = Debug|Any CPU
		{1D00A3E9-8726-449C-AB39-D2CF60B18D49}.Debug|x64.Build.0 = Debug|Any CPU
		{1D00A3E9-8726-449C-AB39-D2CF60B18D49}.Debug|x86.ActiveCfg = Debug|Any CPU
		{1D00A3E9-8726-449C-AB39-D2CF60B18D49}.Debug|x86.Build.0 = Debug|Any CPU
		{1D00A3E9-8726-449C-AB39-D2CF60B18D49}.Release|Any CPU.ActiveCfg = Release|Any CPU
		{1D00A3E9-8726-449C-AB39-D2CF60B18D49}.Release|Any CPU.Build.0 = Release|Any CPU
		{1D00A3E9-8726-449C-AB39-D2CF60B18D49}.Release|x64.ActiveCfg = Release|Any CPU
		{1D00A3E9-8726-449C-AB39-D2CF60B18D49}.Release|x64.Build.0 = Release|Any CPU
		{1D00A3E9-8726-449C-AB39-D2CF60B18D49}.Release|x86.ActiveCfg = Release|Any CPU
		{1D00A3E9-8726-449C-AB39-D2CF60B18D49}.Release|x86.Build.0 = Release|Any CPU
	EndGlobalSection
	GlobalSection(SolutionProperties) = preSolution
		HideSolutionNode = FALSE
	EndGlobalSection
EndGlobal
