
Microsoft Visual Studio Solution File, Format Version 12.00
# Visual Studio Version 17
VisualStudioVersion = 17.0.31903.59
MinimumVisualStudioVersion = 10.0.40219.1
Project("{2150E333-8FDC-42A3-9474-1A3956D46DE8}") = "Services", "Services", "{5854FF58-B8C5-05C6-5BF2-ACE42193F22B}"
EndProject
Project("{2150E333-8FDC-42A3-9474-1A3956D46DE8}") = "ProductService", "ProductService", "{1C57C2D2-1246-804C-0890-EC7B6BEC053B}"
EndProject
Project("{FAE04EC0-301F-11D3-BF4B-00C04F79EFBC}") = "ProductService.API", "Services\ProductService\ProductService.API\ProductService.API.csproj", "{22DB0923-9CBF-4DCE-BCC5-42B6DCC7AB84}"
EndProject
Project("{FAE04EC0-301F-11D3-BF4B-00C04F79EFBC}") = "ProductService.Domain", "Services\ProductService\ProductService.Domain\ProductService.Domain.csproj", "{0A2977B7-DB77-4379-85CC-063A76438BFC}"
EndProject
Project("{FAE04EC0-301F-11D3-BF4B-00C04F79EFBC}") = "ProductService.Application", "Services\ProductService\ProductService.Application\ProductService.Application.csproj", "{C3CA0D15-7992-4513-A9EE-DC8BAE9B7849}"
EndProject
Project("{FAE04EC0-301F-11D3-BF4B-00C04F79EFBC}") = "ProductService.Infrastructure", "Services\ProductService\ProductService.Infrastructure\ProductService.Infrastructure.csproj", "{75BAC779-EE10-49A7-AE37-613361F9D214}"
EndProject
Global
	GlobalSection(SolutionConfigurationPlatforms) = preSolution
		Debug|Any CPU = Debug|Any CPU
		Debug|x64 = Debug|x64
		Debug|x86 = Debug|x86
		Release|Any CPU = Release|Any CPU
		Release|x64 = Release|x64
		Release|x86 = Release|x86
	EndGlobalSection
	GlobalSection(ProjectConfigurationPlatforms) = postSolution
		{22DB0923-9CBF-4DCE-BCC5-42B6DCC7AB84}.Debug|Any CPU.ActiveCfg = Debug|Any CPU
		{22DB0923-9CBF-4DCE-BCC5-42B6DCC7AB84}.Debug|Any CPU.Build.0 = Debug|Any CPU
		{22DB0923-9CBF-4DCE-BCC5-42B6DCC7AB84}.Debug|x64.ActiveCfg = Debug|Any CPU
		{22DB0923-9CBF-4DCE-BCC5-42B6DCC7AB84}.Debug|x64.Build.0 = Debug|Any CPU
		{22DB0923-9CBF-4DCE-BCC5-42B6DCC7AB84}.Debug|x86.ActiveCfg = Debug|Any CPU
		{22DB0923-9CBF-4DCE-BCC5-42B6DCC7AB84}.Debug|x86.Build.0 = Debug|Any CPU
		{22DB0923-9CBF-4DCE-BCC5-42B6DCC7AB84}.Release|Any CPU.ActiveCfg = Release|Any CPU
		{22DB0923-9CBF-4DCE-BCC5-42B6DCC7AB84}.Release|Any CPU.Build.0 = Release|Any CPU
		{22DB0923-9CBF-4DCE-BCC5-42B6DCC7AB84}.Release|x64.ActiveCfg = Release|Any CPU
		{22DB0923-9CBF-4DCE-BCC5-42B6DCC7AB84}.Release|x64.Build.0 = Release|Any CPU
		{22DB0923-9CBF-4DCE-BCC5-42B6DCC7AB84}.Release|x86.ActiveCfg = Release|Any CPU
		{22DB0923-9CBF-4DCE-BCC5-42B6DCC7AB84}.Release|x86.Build.0 = Release|Any CPU
		{0A2977B7-DB77-4379-85CC-063A76438BFC}.Debug|Any CPU.ActiveCfg = Debug|Any CPU
		{0A2977B7-DB77-4379-85CC-063A76438BFC}.Debug|Any CPU.Build.0 = Debug|Any CPU
		{0A2977B7-DB77-4379-85CC-063A76438BFC}.Debug|x64.ActiveCfg = Debug|Any CPU
		{0A2977B7-DB77-4379-85CC-063A76438BFC}.Debug|x64.Build.0 = Debug|Any CPU
		{0A2977B7-DB77-4379-85CC-063A76438BFC}.Debug|x86.ActiveCfg = Debug|Any CPU
		{0A2977B7-DB77-4379-85CC-063A76438BFC}.Debug|x86.Build.0 = Debug|Any CPU
		{0A2977B7-DB77-4379-85CC-063A76438BFC}.Release|Any CPU.ActiveCfg = Release|Any CPU
		{0A2977B7-DB77-4379-85CC-063A76438BFC}.Release|Any CPU.Build.0 = Release|Any CPU
		{0A2977B7-DB77-4379-85CC-063A76438BFC}.Release|x64.ActiveCfg = Release|Any CPU
		{0A2977B7-DB77-4379-85CC-063A76438BFC}.Release|x64.Build.0 = Release|Any CPU
		{0A2977B7-DB77-4379-85CC-063A76438BFC}.Release|x86.ActiveCfg = Release|Any CPU
		{0A2977B7-DB77-4379-85CC-063A76438BFC}.Release|x86.Build.0 = Release|Any CPU
		{C3CA0D15-7992-4513-A9EE-DC8BAE9B7849}.Debug|Any CPU.ActiveCfg = Debug|Any CPU
		{C3CA0D15-7992-4513-A9EE-DC8BAE9B7849}.Debug|Any CPU.Build.0 = Debug|Any CPU
		{C3CA0D15-7992-4513-A9EE-DC8BAE9B7849}.Debug|x64.ActiveCfg = Debug|Any CPU
		{C3CA0D15-7992-4513-A9EE-DC8BAE9B7849}.Debug|x64.Build.0 = Debug|Any CPU
		{C3CA0D15-7992-4513-A9EE-DC8BAE9B7849}.Debug|x86.ActiveCfg = Debug|Any CPU
		{C3CA0D15-7992-4513-A9EE-DC8BAE9B7849}.Debug|x86.Build.0 = Debug|Any CPU
		{C3CA0D15-7992-4513-A9EE-DC8BAE9B7849}.Release|Any CPU.ActiveCfg = Release|Any CPU
		{C3CA0D15-7992-4513-A9EE-DC8BAE9B7849}.Release|Any CPU.Build.0 = Release|Any CPU
		{C3CA0D15-7992-4513-A9EE-DC8BAE9B7849}.Release|x64.ActiveCfg = Release|Any CPU
		{C3CA0D15-7992-4513-A9EE-DC8BAE9B7849}.Release|x64.Build.0 = Release|Any CPU
		{C3CA0D15-7992-4513-A9EE-DC8BAE9B7849}.Release|x86.ActiveCfg = Release|Any CPU
		{C3CA0D15-7992-4513-A9EE-DC8BAE9B7849}.Release|x86.Build.0 = Release|Any CPU
		{75BAC779-EE10-49A7-AE37-613361F9D214}.Debug|Any CPU.ActiveCfg = Debug|Any CPU
		{75BAC779-EE10-49A7-AE37-613361F9D214}.Debug|Any CPU.Build.0 = Debug|Any CPU
		{75BAC779-EE10-49A7-AE37-613361F9D214}.Debug|x64.ActiveCfg = Debug|Any CPU
		{75BAC779-EE10-49A7-AE37-613361F9D214}.Debug|x64.Build.0 = Debug|Any CPU
		{75BAC779-EE10-49A7-AE37-613361F9D214}.Debug|x86.ActiveCfg = Debug|Any CPU
		{75BAC779-EE10-49A7-AE37-613361F9D214}.Debug|x86.Build.0 = Debug|Any CPU
		{75BAC779-EE10-49A7-AE37-613361F9D214}.Release|Any CPU.ActiveCfg = Release|Any CPU
		{75BAC779-EE10-49A7-AE37-613361F9D214}.Release|Any CPU.Build.0 = Release|Any CPU
		{75BAC779-EE10-49A7-AE37-613361F9D214}.Release|x64.ActiveCfg = Release|Any CPU
		{75BAC779-EE10-49A7-AE37-613361F9D214}.Release|x64.Build.0 = Release|Any CPU
		{75BAC779-EE10-49A7-AE37-613361F9D214}.Release|x86.ActiveCfg = Release|Any CPU
		{75BAC779-EE10-49A7-AE37-613361F9D214}.Release|x86.Build.0 = Release|Any CPU
	EndGlobalSection
	GlobalSection(SolutionProperties) = preSolution
		HideSolutionNode = FALSE
	EndGlobalSection
	GlobalSection(NestedProjects) = preSolution
		{1C57C2D2-1246-804C-0890-EC7B6BEC053B} = {5854FF58-B8C5-05C6-5BF2-ACE42193F22B}
		{22DB0923-9CBF-4DCE-BCC5-42B6DCC7AB84} = {1C57C2D2-1246-804C-0890-EC7B6BEC053B}
		{0A2977B7-DB77-4379-85CC-063A76438BFC} = {1C57C2D2-1246-804C-0890-EC7B6BEC053B}
		{C3CA0D15-7992-4513-A9EE-DC8BAE9B7849} = {1C57C2D2-1246-804C-0890-EC7B6BEC053B}
		{75BAC779-EE10-49A7-AE37-613361F9D214} = {1C57C2D2-1246-804C-0890-EC7B6BEC053B}
	EndGlobalSection
EndGlobal
